
Microsoft Visual Studio Solution File, Format Version 12.00
# Visual Studio 15
VisualStudioVersion = 15.0.27703.2035
MinimumVisualStudioVersion = 10.0.40219.1
Project("{FAE04EC0-301F-11D3-BF4B-00C04F79EFBC}") = "HTProductServices", "HTProductServices\HTProductServices.csproj", "{8B08D719-1EDE-463B-A39A-48934FCCA7DF}"
EndProject
Project("{FAE04EC0-301F-11D3-BF4B-00C04F79EFBC}") = "HTPSSystem.HDwivedi", "HTPSSystem.HDwivedi\HTPSSystem.HDwivedi.csproj", "{D261A185-9A00-40AE-BAC2-A5B04A78E983}"
EndProject
Project("{FAE04EC0-301F-11D3-BF4B-00C04F79EFBC}") = "HTPSSystem.HDwivedi.Data", "HTPSSystem.HDwivedi.Data\HTPSSystem.HDwivedi.Data.csproj", "{4E21E4E5-2021-424C-B794-92CBBC9BF773}"
EndProject
Global
	GlobalSection(SolutionConfigurationPlatforms) = preSolution
		Debug|Any CPU = Debug|Any CPU
		Release|Any CPU = Release|Any CPU
	EndGlobalSection
	GlobalSection(ProjectConfigurationPlatforms) = postSolution
		{8B08D719-1EDE-463B-A39A-48934FCCA7DF}.Debug|Any CPU.ActiveCfg = Debug|Any CPU
		{8B08D719-1EDE-463B-A39A-48934FCCA7DF}.Debug|Any CPU.Build.0 = Debug|Any CPU
		{8B08D719-1EDE-463B-A39A-48934FCCA7DF}.Release|Any CPU.ActiveCfg = Release|Any CPU
		{8B08D719-1EDE-463B-A39A-48934FCCA7DF}.Release|Any CPU.Build.0 = Release|Any CPU
		{D261A185-9A00-40AE-BAC2-A5B04A78E983}.Debug|Any CPU.ActiveCfg = Debug|Any CPU
		{D261A185-9A00-40AE-BAC2-A5B04A78E983}.Debug|Any CPU.Build.0 = Debug|Any CPU
		{D261A185-9A00-40AE-BAC2-A5B04A78E983}.Release|Any CPU.ActiveCfg = Release|Any CPU
		{D261A185-9A00-40AE-BAC2-A5B04A78E983}.Release|Any CPU.Build.0 = Release|Any CPU
		{4E21E4E5-2021-424C-B794-92CBBC9BF773}.Debug|Any CPU.ActiveCfg = Debug|Any CPU
		{4E21E4E5-2021-424C-B794-92CBBC9BF773}.Debug|Any CPU.Build.0 = Debug|Any CPU
		{4E21E4E5-2021-424C-B794-92CBBC9BF773}.Release|Any CPU.ActiveCfg = Release|Any CPU
		{4E21E4E5-2021-424C-B794-92CBBC9BF773}.Release|Any CPU.Build.0 = Release|Any CPU
	EndGlobalSection
	GlobalSection(SolutionProperties) = preSolution
		HideSolutionNode = FALSE
	EndGlobalSection
	GlobalSection(ExtensibilityGlobals) = postSolution
		SolutionGuid = {47AAD60B-0D89-4E9A-8EF6-F1A60B7219AE}
	EndGlobalSection
EndGlobal
