
Microsoft Visual Studio Solution File, Format Version 12.00
# Visual Studio 15
VisualStudioVersion = 15.0.27130.2036
MinimumVisualStudioVersion = 10.0.40219.1
Project("{FAE04EC0-301F-11D3-BF4B-00C04F79EFBC}") = "WebApp", "WebApp\WebApp.csproj", "{5AE1C258-974F-4E85-B34A-3350A37FAA4A}"
EndProject
Project("{FAE04EC0-301F-11D3-BF4B-00C04F79EFBC}") = "Northwind.Data", "Northwind.Data\Northwind.Data.csproj", "{6BD6445F-2C36-4936-A7BB-EC61CB401294}"
EndProject
Project("{FAE04EC0-301F-11D3-BF4B-00C04F79EFBC}") = "NorthwindSystem", "NorthwindSystem\NorthwindSystem.csproj", "{9D6251D8-D09F-4EBE-86B6-B2D4F56C988B}"
EndProject
Global
	GlobalSection(SolutionConfigurationPlatforms) = preSolution
		Debug|Any CPU = Debug|Any CPU
		Release|Any CPU = Release|Any CPU
	EndGlobalSection
	GlobalSection(ProjectConfigurationPlatforms) = postSolution
		{5AE1C258-974F-4E85-B34A-3350A37FAA4A}.Debug|Any CPU.ActiveCfg = Debug|Any CPU
		{5AE1C258-974F-4E85-B34A-3350A37FAA4A}.Debug|Any CPU.Build.0 = Debug|Any CPU
		{5AE1C258-974F-4E85-B34A-3350A37FAA4A}.Release|Any CPU.ActiveCfg = Release|Any CPU
		{5AE1C258-974F-4E85-B34A-3350A37FAA4A}.Release|Any CPU.Build.0 = Release|Any CPU
		{6BD6445F-2C36-4936-A7BB-EC61CB401294}.Debug|Any CPU.ActiveCfg = Debug|Any CPU
		{6BD6445F-2C36-4936-A7BB-EC61CB401294}.Debug|Any CPU.Build.0 = Debug|Any CPU
		{6BD6445F-2C36-4936-A7BB-EC61CB401294}.Release|Any CPU.ActiveCfg = Release|Any CPU
		{6BD6445F-2C36-4936-A7BB-EC61CB401294}.Release|Any CPU.Build.0 = Release|Any CPU
		{9D6251D8-D09F-4EBE-86B6-B2D4F56C988B}.Debug|Any CPU.ActiveCfg = Debug|Any CPU
		{9D6251D8-D09F-4EBE-86B6-B2D4F56C988B}.Debug|Any CPU.Build.0 = Debug|Any CPU
		{9D6251D8-D09F-4EBE-86B6-B2D4F56C988B}.Release|Any CPU.ActiveCfg = Release|Any CPU
		{9D6251D8-D09F-4EBE-86B6-B2D4F56C988B}.Release|Any CPU.Build.0 = Release|Any CPU
	EndGlobalSection
	GlobalSection(SolutionProperties) = preSolution
		HideSolutionNode = FALSE
	EndGlobalSection
	GlobalSection(ExtensibilityGlobals) = postSolution
		SolutionGuid = {1EAFC9AA-7B96-498B-83D6-4FCC1CD27183}
	EndGlobalSection
EndGlobal
